
Microsoft Visual Studio Solution File, Format Version 12.00
# Visual Studio Version 16
VisualStudioVersion = 16.0.32106.194
MinimumVisualStudioVersion = 10.0.40219.1
Project("{FAE04EC0-301F-11D3-BF4B-00C04F79EFBC}") = "My Portfolio", "My Portfolio\My Portfolio.csproj", "{D66EC3AF-266E-4E21-A7CE-BE7B6F1010FE}"
EndProject
Global
	GlobalSection(SolutionConfigurationPlatforms) = preSolution
		Debug|Any CPU = Debug|Any CPU
		Release|Any CPU = Release|Any CPU
	EndGlobalSection
	GlobalSection(ProjectConfigurationPlatforms) = postSolution
		{D66EC3AF-266E-4E21-A7CE-BE7B6F1010FE}.Debug|Any CPU.ActiveCfg = Debug|Any CPU
		{D66EC3AF-266E-4E21-A7CE-BE7B6F1010FE}.Debug|Any CPU.Build.0 = Debug|Any CPU
		{D66EC3AF-266E-4E21-A7CE-BE7B6F1010FE}.Release|Any CPU.ActiveCfg = Release|Any CPU
		{D66EC3AF-266E-4E21-A7CE-BE7B6F1010FE}.Release|Any CPU.Build.0 = Release|Any CPU
	EndGlobalSection
	GlobalSection(SolutionProperties) = preSolution
		HideSolutionNode = FALSE
	EndGlobalSection
	GlobalSection(ExtensibilityGlobals) = postSolution
		SolutionGuid = {FD179305-3100-4F84-A86D-B69AB5E784FF}
	EndGlobalSection
EndGlobal
